// !$*UTF8*$!
{
	archiveVersion = 1;
	classes = {
	};
	objectVersion = 56;
	objects = {

/* Begin PBXBuildFile section */
		22A484D32BB089AB00D96E64 /* AppDelegate.swift in Sources */ = {isa = PBXBuildFile; fileRef = 22A484D22BB089AB00D96E64 /* AppDelegate.swift */; };
		22A484D52BB089AB00D96E64 /* SceneDelegate.swift in Sources */ = {isa = PBXBuildFile; fileRef = 22A484D42BB089AB00D96E64 /* SceneDelegate.swift */; };
		22A484DC2BB089AD00D96E64 /* Assets.xcassets in Resources */ = {isa = PBXBuildFile; fileRef = 22A484DB2BB089AD00D96E64 /* Assets.xcassets */; };
		22A484E72BBB2D0200D96E64 /* AuthScreen.swift in Sources */ = {isa = PBXBuildFile; fileRef = 22A484E62BBB2D0200D96E64 /* AuthScreen.swift */; };
		22A484E92BC0655C00D96E64 /* MainViewController.swift in Sources */ = {isa = PBXBuildFile; fileRef = 22A484E82BC0655C00D96E64 /* MainViewController.swift */; };
		22A484EB2BC0B99700D96E64 /* AuthAPI.swift in Sources */ = {isa = PBXBuildFile; fileRef = 22A484EA2BC0B99700D96E64 /* AuthAPI.swift */; };
		22A484ED2BC36DD600D96E64 /* MainTab.swift in Sources */ = {isa = PBXBuildFile; fileRef = 22A484EC2BC36DD600D96E64 /* MainTab.swift */; };
		22A484F22BC43EC300D96E64 /* TabBarController.swift in Sources */ = {isa = PBXBuildFile; fileRef = 22A484F12BC43EC300D96E64 /* TabBarController.swift */; };
		22A484F62BC449F000D96E64 /* FriendsTab.swift in Sources */ = {isa = PBXBuildFile; fileRef = 22A484F52BC449F000D96E64 /* FriendsTab.swift */; };
		22A484F82BC5AC4600D96E64 /* ProfileTab.swift in Sources */ = {isa = PBXBuildFile; fileRef = 22A484F72BC5AC4600D96E64 /* ProfileTab.swift */; };
		22A484FA2BC65EBC00D96E64 /* CreateGame.swift in Sources */ = {isa = PBXBuildFile; fileRef = 22A484F92BC65EBC00D96E64 /* CreateGame.swift */; };
		22A484FC2BC65EC500D96E64 /* JoinGame.swift in Sources */ = {isa = PBXBuildFile; fileRef = 22A484FB2BC65EC500D96E64 /* JoinGame.swift */; };
		22A484FE2BC66AA600D96E64 /* WaitingForGame.swift in Sources */ = {isa = PBXBuildFile; fileRef = 22A484FD2BC66AA600D96E64 /* WaitingForGame.swift */; };
		22A485002BC66BB200D96E64 /* Game.swift in Sources */ = {isa = PBXBuildFile; fileRef = 22A484FF2BC66BB200D96E64 /* Game.swift */; };
/* End PBXBuildFile section */

/* Begin PBXFileReference section */
		22A484CF2BB089AB00D96E64 /* coursework-2024.app */ = {isa = PBXFileReference; explicitFileType = wrapper.application; includeInIndex = 0; path = "coursework-2024.app"; sourceTree = BUILT_PRODUCTS_DIR; };
		22A484D22BB089AB00D96E64 /* AppDelegate.swift */ = {isa = PBXFileReference; lastKnownFileType = sourcecode.swift; path = AppDelegate.swift; sourceTree = "<group>"; };
		22A484D42BB089AB00D96E64 /* SceneDelegate.swift */ = {isa = PBXFileReference; lastKnownFileType = sourcecode.swift; path = SceneDelegate.swift; sourceTree = "<group>"; };
		22A484DB2BB089AD00D96E64 /* Assets.xcassets */ = {isa = PBXFileReference; lastKnownFileType = folder.assetcatalog; path = Assets.xcassets; sourceTree = "<group>"; };
		22A484E02BB089AD00D96E64 /* Info.plist */ = {isa = PBXFileReference; lastKnownFileType = text.plist.xml; path = Info.plist; sourceTree = "<group>"; };
		22A484E62BBB2D0200D96E64 /* AuthScreen.swift */ = {isa = PBXFileReference; lastKnownFileType = sourcecode.swift; path = AuthScreen.swift; sourceTree = "<group>"; };
		22A484E82BC0655C00D96E64 /* MainViewController.swift */ = {isa = PBXFileReference; lastKnownFileType = sourcecode.swift; path = MainViewController.swift; sourceTree = "<group>"; };
		22A484EA2BC0B99700D96E64 /* AuthAPI.swift */ = {isa = PBXFileReference; lastKnownFileType = sourcecode.swift; path = AuthAPI.swift; sourceTree = "<group>"; };
		22A484EC2BC36DD600D96E64 /* MainTab.swift */ = {isa = PBXFileReference; lastKnownFileType = sourcecode.swift; path = MainTab.swift; sourceTree = "<group>"; };
		22A484F12BC43EC300D96E64 /* TabBarController.swift */ = {isa = PBXFileReference; lastKnownFileType = sourcecode.swift; path = TabBarController.swift; sourceTree = "<group>"; };
		22A484F52BC449F000D96E64 /* FriendsTab.swift */ = {isa = PBXFileReference; lastKnownFileType = sourcecode.swift; path = FriendsTab.swift; sourceTree = "<group>"; };
		22A484F72BC5AC4600D96E64 /* ProfileTab.swift */ = {isa = PBXFileReference; lastKnownFileType = sourcecode.swift; path = ProfileTab.swift; sourceTree = "<group>"; };
		22A484F92BC65EBC00D96E64 /* CreateGame.swift */ = {isa = PBXFileReference; lastKnownFileType = sourcecode.swift; path = CreateGame.swift; sourceTree = "<group>"; };
		22A484FB2BC65EC500D96E64 /* JoinGame.swift */ = {isa = PBXFileReference; lastKnownFileType = sourcecode.swift; path = JoinGame.swift; sourceTree = "<group>"; };
		22A484FD2BC66AA600D96E64 /* WaitingForGame.swift */ = {isa = PBXFileReference; lastKnownFileType = sourcecode.swift; path = WaitingForGame.swift; sourceTree = "<group>"; };
		22A484FF2BC66BB200D96E64 /* Game.swift */ = {isa = PBXFileReference; lastKnownFileType = sourcecode.swift; path = Game.swift; sourceTree = "<group>"; };
/* End PBXFileReference section */

/* Begin PBXFrameworksBuildPhase section */
		22A484CC2BB089AB00D96E64 /* Frameworks */ = {
			isa = PBXFrameworksBuildPhase;
			buildActionMask = 2147483647;
			files = (
			);
			runOnlyForDeploymentPostprocessing = 0;
		};
/* End PBXFrameworksBuildPhase section */

/* Begin PBXGroup section */
		22A484C62BB089AB00D96E64 = {
			isa = PBXGroup;
			children = (
				22A484D12BB089AB00D96E64 /* coursework-2024 */,
				22A484D02BB089AB00D96E64 /* Products */,
			);
			sourceTree = "<group>";
		};
		22A484D02BB089AB00D96E64 /* Products */ = {
			isa = PBXGroup;
			children = (
				22A484CF2BB089AB00D96E64 /* coursework-2024.app */,
			);
			name = Products;
			sourceTree = "<group>";
		};
		22A484D12BB089AB00D96E64 /* coursework-2024 */ = {
			isa = PBXGroup;
			children = (
				22A484F02BC43E8C00D96E64 /* App */,
				22A484EF2BC43E5800D96E64 /* Misc */,
				22A484EE2BC43DFA00D96E64 /* Auth */,
			);
			path = "coursework-2024";
			sourceTree = "<group>";
		};
		22A484EE2BC43DFA00D96E64 /* Auth */ = {
			isa = PBXGroup;
			children = (
				22A484E62BBB2D0200D96E64 /* AuthScreen.swift */,
				22A484EA2BC0B99700D96E64 /* AuthAPI.swift */,
			);
			path = Auth;
			sourceTree = "<group>";
		};
		22A484EF2BC43E5800D96E64 /* Misc */ = {
			isa = PBXGroup;
			children = (
				22A484E82BC0655C00D96E64 /* MainViewController.swift */,
				22A484D22BB089AB00D96E64 /* AppDelegate.swift */,
				22A484D42BB089AB00D96E64 /* SceneDelegate.swift */,
				22A484DB2BB089AD00D96E64 /* Assets.xcassets */,
				22A484E02BB089AD00D96E64 /* Info.plist */,
			);
			path = Misc;
			sourceTree = "<group>";
		};
		22A484F02BC43E8C00D96E64 /* App */ = {
			isa = PBXGroup;
			children = (
				22A484EC2BC36DD600D96E64 /* MainTab.swift */,
				22A484F12BC43EC300D96E64 /* TabBarController.swift */,
				22A484F72BC5AC4600D96E64 /* ProfileTab.swift */,
				22A484F52BC449F000D96E64 /* FriendsTab.swift */,
				22A484F92BC65EBC00D96E64 /* CreateGame.swift */,
				22A484FB2BC65EC500D96E64 /* JoinGame.swift */,
				22A484FD2BC66AA600D96E64 /* WaitingForGame.swift */,
				22A484FF2BC66BB200D96E64 /* Game.swift */,
			);
			path = App;
			sourceTree = "<group>";
		};
/* End PBXGroup section */

/* Begin PBXNativeTarget section */
		22A484CE2BB089AB00D96E64 /* coursework-2024 */ = {
			isa = PBXNativeTarget;
			buildConfigurationList = 22A484E32BB089AD00D96E64 /* Build configuration list for PBXNativeTarget "coursework-2024" */;
			buildPhases = (
				22A484CB2BB089AB00D96E64 /* Sources */,
				22A484CC2BB089AB00D96E64 /* Frameworks */,
				22A484CD2BB089AB00D96E64 /* Resources */,
			);
			buildRules = (
			);
			dependencies = (
			);
			name = "coursework-2024";
			productName = "coursework-2024";
			productReference = 22A484CF2BB089AB00D96E64 /* coursework-2024.app */;
			productType = "com.apple.product-type.application";
		};
/* End PBXNativeTarget section */

/* Begin PBXProject section */
		22A484C72BB089AB00D96E64 /* Project object */ = {
			isa = PBXProject;
			attributes = {
				BuildIndependentTargetsInParallel = 1;
				LastSwiftUpdateCheck = 1530;
				LastUpgradeCheck = 1530;
				TargetAttributes = {
					22A484CE2BB089AB00D96E64 = {
						CreatedOnToolsVersion = 15.3;
					};
				};
			};
			buildConfigurationList = 22A484CA2BB089AB00D96E64 /* Build configuration list for PBXProject "coursework-2024" */;
			compatibilityVersion = "Xcode 14.0";
			developmentRegion = en;
			hasScannedForEncodings = 0;
			knownRegions = (
				en,
				Base,
			);
			mainGroup = 22A484C62BB089AB00D96E64;
			productRefGroup = 22A484D02BB089AB00D96E64 /* Products */;
			projectDirPath = "";
			projectRoot = "";
			targets = (
				22A484CE2BB089AB00D96E64 /* coursework-2024 */,
			);
		};
/* End PBXProject section */

/* Begin PBXResourcesBuildPhase section */
		22A484CD2BB089AB00D96E64 /* Resources */ = {
			isa = PBXResourcesBuildPhase;
			buildActionMask = 2147483647;
			files = (
				22A484DC2BB089AD00D96E64 /* Assets.xcassets in Resources */,
			);
			runOnlyForDeploymentPostprocessing = 0;
		};
/* End PBXResourcesBuildPhase section */

/* Begin PBXSourcesBuildPhase section */
		22A484CB2BB089AB00D96E64 /* Sources */ = {
			isa = PBXSourcesBuildPhase;
			buildActionMask = 2147483647;
			files = (
				22A484ED2BC36DD600D96E64 /* MainTab.swift in Sources */,
				22A484E72BBB2D0200D96E64 /* AuthScreen.swift in Sources */,
				22A484FC2BC65EC500D96E64 /* JoinGame.swift in Sources */,
				22A485002BC66BB200D96E64 /* Game.swift in Sources */,
				22A484FE2BC66AA600D96E64 /* WaitingForGame.swift in Sources */,
				22A484F82BC5AC4600D96E64 /* ProfileTab.swift in Sources */,
				22A484F62BC449F000D96E64 /* FriendsTab.swift in Sources */,
				22A484D32BB089AB00D96E64 /* AppDelegate.swift in Sources */,
				22A484D52BB089AB00D96E64 /* SceneDelegate.swift in Sources */,
				22A484F22BC43EC300D96E64 /* TabBarController.swift in Sources */,
				22A484EB2BC0B99700D96E64 /* AuthAPI.swift in Sources */,
				22A484E92BC0655C00D96E64 /* MainViewController.swift in Sources */,
				22A484FA2BC65EBC00D96E64 /* CreateGame.swift in Sources */,
			);
			runOnlyForDeploymentPostprocessing = 0;
		};
/* End PBXSourcesBuildPhase section */

/* Begin XCBuildConfiguration section */
		22A484E12BB089AD00D96E64 /* Debug */ = {
			isa = XCBuildConfiguration;
			buildSettings = {
				ALWAYS_SEARCH_USER_PATHS = NO;
				ASSETCATALOG_COMPILER_GENERATE_SWIFT_ASSET_SYMBOL_EXTENSIONS = YES;
				CLANG_ANALYZER_NONNULL = YES;
				CLANG_ANALYZER_NUMBER_OBJECT_CONVERSION = YES_AGGRESSIVE;
				CLANG_CXX_LANGUAGE_STANDARD = "gnu++20";
				CLANG_ENABLE_MODULES = YES;
				CLANG_ENABLE_OBJC_ARC = YES;
				CLANG_ENABLE_OBJC_WEAK = YES;
				CLANG_WARN_BLOCK_CAPTURE_AUTORELEASING = YES;
				CLANG_WARN_BOOL_CONVERSION = YES;
				CLANG_WARN_COMMA = YES;
				CLANG_WARN_CONSTANT_CONVERSION = YES;
				CLANG_WARN_DEPRECATED_OBJC_IMPLEMENTATIONS = YES;
				CLANG_WARN_DIRECT_OBJC_ISA_USAGE = YES_ERROR;
				CLANG_WARN_DOCUMENTATION_COMMENTS = YES;
				CLANG_WARN_EMPTY_BODY = YES;
				CLANG_WARN_ENUM_CONVERSION = YES;
				CLANG_WARN_INFINITE_RECURSION = YES;
				CLANG_WARN_INT_CONVERSION = YES;
				CLANG_WARN_NON_LITERAL_NULL_CONVERSION = YES;
				CLANG_WARN_OBJC_IMPLICIT_RETAIN_SELF = YES;
				CLANG_WARN_OBJC_LITERAL_CONVERSION = YES;
				CLANG_WARN_OBJC_ROOT_CLASS = YES_ERROR;
				CLANG_WARN_QUOTED_INCLUDE_IN_FRAMEWORK_HEADER = YES;
				CLANG_WARN_RANGE_LOOP_ANALYSIS = YES;
				CLANG_WARN_STRICT_PROTOTYPES = YES;
				CLANG_WARN_SUSPICIOUS_MOVE = YES;
				CLANG_WARN_UNGUARDED_AVAILABILITY = YES_AGGRESSIVE;
				CLANG_WARN_UNREACHABLE_CODE = YES;
				CLANG_WARN__DUPLICATE_METHOD_MATCH = YES;
				COPY_PHASE_STRIP = NO;
				DEBUG_INFORMATION_FORMAT = dwarf;
				ENABLE_STRICT_OBJC_MSGSEND = YES;
				ENABLE_TESTABILITY = YES;
				ENABLE_USER_SCRIPT_SANDBOXING = YES;
				GCC_C_LANGUAGE_STANDARD = gnu17;
				GCC_DYNAMIC_NO_PIC = NO;
				GCC_NO_COMMON_BLOCKS = YES;
				GCC_OPTIMIZATION_LEVEL = 0;
				GCC_PREPROCESSOR_DEFINITIONS = (
					"DEBUG=1",
					"$(inherited)",
				);
				GCC_WARN_64_TO_32_BIT_CONVERSION = YES;
				GCC_WARN_ABOUT_RETURN_TYPE = YES_ERROR;
				GCC_WARN_UNDECLARED_SELECTOR = YES;
				GCC_WARN_UNINITIALIZED_AUTOS = YES_AGGRESSIVE;
				GCC_WARN_UNUSED_FUNCTION = YES;
				GCC_WARN_UNUSED_VARIABLE = YES;
				IPHONEOS_DEPLOYMENT_TARGET = 17.4;
				LOCALIZATION_PREFERS_STRING_CATALOGS = YES;
				MTL_ENABLE_DEBUG_INFO = INCLUDE_SOURCE;
				MTL_FAST_MATH = YES;
				ONLY_ACTIVE_ARCH = YES;
				SDKROOT = iphoneos;
				SWIFT_ACTIVE_COMPILATION_CONDITIONS = "DEBUG $(inherited)";
				SWIFT_OPTIMIZATION_LEVEL = "-Onone";
			};
			name = Debug;
		};
		22A484E22BB089AD00D96E64 /* Release */ = {
			isa = XCBuildConfiguration;
			buildSettings = {
				ALWAYS_SEARCH_USER_PATHS = NO;
				ASSETCATALOG_COMPILER_GENERATE_SWIFT_ASSET_SYMBOL_EXTENSIONS = YES;
				CLANG_ANALYZER_NONNULL = YES;
				CLANG_ANALYZER_NUMBER_OBJECT_CONVERSION = YES_AGGRESSIVE;
				CLANG_CXX_LANGUAGE_STANDARD = "gnu++20";
				CLANG_ENABLE_MODULES = YES;
				CLANG_ENABLE_OBJC_ARC = YES;
				CLANG_ENABLE_OBJC_WEAK = YES;
				CLANG_WARN_BLOCK_CAPTURE_AUTORELEASING = YES;
				CLANG_WARN_BOOL_CONVERSION = YES;
				CLANG_WARN_COMMA = YES;
				CLANG_WARN_CONSTANT_CONVERSION = YES;
				CLANG_WARN_DEPRECATED_OBJC_IMPLEMENTATIONS = YES;
				CLANG_WARN_DIRECT_OBJC_ISA_USAGE = YES_ERROR;
				CLANG_WARN_DOCUMENTATION_COMMENTS = YES;
				CLANG_WARN_EMPTY_BODY = YES;
				CLANG_WARN_ENUM_CONVERSION = YES;
				CLANG_WARN_INFINITE_RECURSION = YES;
				CLANG_WARN_INT_CONVERSION = YES;
				CLANG_WARN_NON_LITERAL_NULL_CONVERSION = YES;
				CLANG_WARN_OBJC_IMPLICIT_RETAIN_SELF = YES;
				CLANG_WARN_OBJC_LITERAL_CONVERSION = YES;
				CLANG_WARN_OBJC_ROOT_CLASS = YES_ERROR;
				CLANG_WARN_QUOTED_INCLUDE_IN_FRAMEWORK_HEADER = YES;
				CLANG_WARN_RANGE_LOOP_ANALYSIS = YES;
				CLANG_WARN_STRICT_PROTOTYPES = YES;
				CLANG_WARN_SUSPICIOUS_MOVE = YES;
				CLANG_WARN_UNGUARDED_AVAILABILITY = YES_AGGRESSIVE;
				CLANG_WARN_UNREACHABLE_CODE = YES;
				CLANG_WARN__DUPLICATE_METHOD_MATCH = YES;
				COPY_PHASE_STRIP = NO;
				DEBUG_INFORMATION_FORMAT = "dwarf-with-dsym";
				ENABLE_NS_ASSERTIONS = NO;
				ENABLE_STRICT_OBJC_MSGSEND = YES;
				ENABLE_USER_SCRIPT_SANDBOXING = YES;
				GCC_C_LANGUAGE_STANDARD = gnu17;
				GCC_NO_COMMON_BLOCKS = YES;
				GCC_WARN_64_TO_32_BIT_CONVERSION = YES;
				GCC_WARN_ABOUT_RETURN_TYPE = YES_ERROR;
				GCC_WARN_UNDECLARED_SELECTOR = YES;
				GCC_WARN_UNINITIALIZED_AUTOS = YES_AGGRESSIVE;
				GCC_WARN_UNUSED_FUNCTION = YES;
				GCC_WARN_UNUSED_VARIABLE = YES;
				IPHONEOS_DEPLOYMENT_TARGET = 17.4;
				LOCALIZATION_PREFERS_STRING_CATALOGS = YES;
				MTL_ENABLE_DEBUG_INFO = NO;
				MTL_FAST_MATH = YES;
				SDKROOT = iphoneos;
				SWIFT_COMPILATION_MODE = wholemodule;
				VALIDATE_PRODUCT = YES;
			};
			name = Release;
		};
		22A484E42BB089AD00D96E64 /* Debug */ = {
			isa = XCBuildConfiguration;
			buildSettings = {
				ASSETCATALOG_COMPILER_APPICON_NAME = AppIcon;
				ASSETCATALOG_COMPILER_GLOBAL_ACCENT_COLOR_NAME = AccentColor;
				CODE_SIGN_STYLE = Automatic;
				CURRENT_PROJECT_VERSION = 1;
				DEVELOPMENT_TEAM = 8KGYB7C4UF;
				GENERATE_INFOPLIST_FILE = YES;
				INFOPLIST_FILE = "coursework-2024/Misc/Info.plist";
				INFOPLIST_KEY_CFBundleDisplayName = Agree;
				INFOPLIST_KEY_LSApplicationCategoryType = "public.app-category.entertainment";
				INFOPLIST_KEY_UIApplicationSupportsIndirectInputEvents = YES;
				INFOPLIST_KEY_UILaunchStoryboardName = LaunchScreen;
				INFOPLIST_KEY_UISupportedInterfaceOrientations_iPad = "UIInterfaceOrientationPortrait UIInterfaceOrientationPortraitUpsideDown UIInterfaceOrientationLandscapeLeft UIInterfaceOrientationLandscapeRight";
				INFOPLIST_KEY_UISupportedInterfaceOrientations_iPhone = "UIInterfaceOrientationPortrait UIInterfaceOrientationLandscapeLeft UIInterfaceOrientationLandscapeRight";
				IPHONEOS_DEPLOYMENT_TARGET = 16.0;
				LD_RUNPATH_SEARCH_PATHS = (
					"$(inherited)",
					"@executable_path/Frameworks",
				);
				MARKETING_VERSION = 1.0;
				PRODUCT_BUNDLE_IDENTIFIER = "cs.hse.coursework-2024";
				PRODUCT_NAME = "$(TARGET_NAME)";
				SUPPORTED_PLATFORMS = "iphoneos iphonesimulator";
				SUPPORTS_MACCATALYST = NO;
				SUPPORTS_MAC_DESIGNED_FOR_IPHONE_IPAD = NO;
				SUPPORTS_XR_DESIGNED_FOR_IPHONE_IPAD = NO;
				SWIFT_EMIT_LOC_STRINGS = YES;
				SWIFT_VERSION = 5.0;
				TARGETED_DEVICE_FAMILY = 1;
			};
			name = Debug;
		};
		22A484E52BB089AD00D96E64 /* Release */ = {
			isa = XCBuildConfiguration;
			buildSettings = {
				ASSETCATALOG_COMPILER_APPICON_NAME = AppIcon;
				ASSETCATALOG_COMPILER_GLOBAL_ACCENT_COLOR_NAME = AccentColor;
				CODE_SIGN_STYLE = Automatic;
				CURRENT_PROJECT_VERSION = 1;
				DEVELOPMENT_TEAM = 8KGYB7C4UF;
				GENERATE_INFOPLIST_FILE = YES;
				INFOPLIST_FILE = "coursework-2024/Misc/Info.plist";
				INFOPLIST_KEY_CFBundleDisplayName = Agree;
				INFOPLIST_KEY_LSApplicationCategoryType = "public.app-category.entertainment";
				INFOPLIST_KEY_UIApplicationSupportsIndirectInputEvents = YES;
				INFOPLIST_KEY_UILaunchStoryboardName = LaunchScreen;
				INFOPLIST_KEY_UISupportedInterfaceOrientations_iPad = "UIInterfaceOrientationPortrait UIInterfaceOrientationPortraitUpsideDown UIInterfaceOrientationLandscapeLeft UIInterfaceOrientationLandscapeRight";
				INFOPLIST_KEY_UISupportedInterfaceOrientations_iPhone = "UIInterfaceOrientationPortrait UIInterfaceOrientationLandscapeLeft UIInterfaceOrientationLandscapeRight";
				IPHONEOS_DEPLOYMENT_TARGET = 16.0;
				LD_RUNPATH_SEARCH_PATHS = (
					"$(inherited)",
					"@executable_path/Frameworks",
				);
				MARKETING_VERSION = 1.0;
				PRODUCT_BUNDLE_IDENTIFIER = "cs.hse.coursework-2024";
				PRODUCT_NAME = "$(TARGET_NAME)";
				SUPPORTED_PLATFORMS = "iphoneos iphonesimulator";
				SUPPORTS_MACCATALYST = NO;
				SUPPORTS_MAC_DESIGNED_FOR_IPHONE_IPAD = NO;
				SUPPORTS_XR_DESIGNED_FOR_IPHONE_IPAD = NO;
				SWIFT_EMIT_LOC_STRINGS = YES;
				SWIFT_VERSION = 5.0;
				TARGETED_DEVICE_FAMILY = 1;
			};
			name = Release;
		};
/* End XCBuildConfiguration section */

/* Begin XCConfigurationList section */
		22A484CA2BB089AB00D96E64 /* Build configuration list for PBXProject "coursework-2024" */ = {
			isa = XCConfigurationList;
			buildConfigurations = (
				22A484E12BB089AD00D96E64 /* Debug */,
				22A484E22BB089AD00D96E64 /* Release */,
			);
			defaultConfigurationIsVisible = 0;
			defaultConfigurationName = Release;
		};
		22A484E32BB089AD00D96E64 /* Build configuration list for PBXNativeTarget "coursework-2024" */ = {
			isa = XCConfigurationList;
			buildConfigurations = (
				22A484E42BB089AD00D96E64 /* Debug */,
				22A484E52BB089AD00D96E64 /* Release */,
			);
			defaultConfigurationIsVisible = 0;
			defaultConfigurationName = Release;
		};
/* End XCConfigurationList section */
	};
	rootObject = 22A484C72BB089AB00D96E64 /* Project object */;
}
